<Solution>
  <Folder Name="/src/">
    <Project Path="src/CertInstaller.Cli/CertInstaller.Cli.csproj" />
    <Project Path="src/CertInstaller.Core/CertInstaller.Core.csproj" />
  </Folder>
  <Folder Name="/tests/">
    <Project Path="tests/CertInstaller.Tests/CertInstaller.Tests.csproj" />
  </Folder>
</Solution>
